
Microsoft Visual Studio Solution File, Format Version 12.00
# Visual Studio Version 17
VisualStudioVersion = 17.9.34607.119
MinimumVisualStudioVersion = 10.0.40219.1
Project("{2150E333-8FDC-42A3-9474-1A3956D46DE8}") = "Consumer", "Consumer", "{3AA231CE-7C02-44B9-BC02-15FBBF4B6090}"
EndProject
Project("{2150E333-8FDC-42A3-9474-1A3956D46DE8}") = "Publisher", "Publisher", "{EDDF8E46-7BE4-49E5-95D2-DE7737B69511}"
EndProject
Project("{FAE04EC0-301F-11D3-BF4B-00C04F79EFBC}") = "Rabbitmq.Publisher", "Rabbitmq.Publisher\Rabbitmq.Publisher.csproj", "{8EB109EE-ABBD-4D76-B8E1-3CF43C5C9122}"
EndProject
Project("{FAE04EC0-301F-11D3-BF4B-00C04F79EFBC}") = "Rabbitmq.Consumer", "Rabbitmq.Consumer\Rabbitmq.Consumer.csproj", "{219C6E09-5984-4DDE-B004-0546C00FAA6C}"
EndProject
Project("{2150E333-8FDC-42A3-9474-1A3956D46DE8}") = "ExchangeTypes", "ExchangeTypes", "{5B9F5B57-A76E-4E1C-8923-D325D91701FB}"
EndProject
Project("{2150E333-8FDC-42A3-9474-1A3956D46DE8}") = "Fanout", "Fanout", "{B2457FC2-F806-475A-97AC-BD54C4F07520}"
	ProjectSection(SolutionItems) = preProject
		Readme.txt = Readme.txt
	EndProjectSection
EndProject
Project("{2150E333-8FDC-42A3-9474-1A3956D46DE8}") = "Direct", "Direct", "{16A1E5BB-E488-4E20-9A03-192A0D00ABDA}"
EndProject
Project("{2150E333-8FDC-42A3-9474-1A3956D46DE8}") = "Topic", "Topic", "{EDEF0F02-DD5A-40BF-8849-4BF51EA3BD9D}"
EndProject
Project("{2150E333-8FDC-42A3-9474-1A3956D46DE8}") = "Header", "Header", "{C885026B-404A-4F84-BC25-AAFB5CA9AC53}"
EndProject
Project("{FAE04EC0-301F-11D3-BF4B-00C04F79EFBC}") = "Fanout.Publisher", "Fanout.Publisher\Fanout.Publisher.csproj", "{A3FAA142-957A-4E17-AF60-2E1A90BF0258}"
EndProject
Project("{FAE04EC0-301F-11D3-BF4B-00C04F79EFBC}") = "Fanout.Subscriber", "Fanout.Subscriber\Fanout.Subscriber.csproj", "{7F7C8270-A235-40AD-8C25-4BE4F53119E8}"
EndProject
Global
	GlobalSection(SolutionConfigurationPlatforms) = preSolution
		Debug|Any CPU = Debug|Any CPU
		Release|Any CPU = Release|Any CPU
	EndGlobalSection
	GlobalSection(ProjectConfigurationPlatforms) = postSolution
		{8EB109EE-ABBD-4D76-B8E1-3CF43C5C9122}.Debug|Any CPU.ActiveCfg = Debug|Any CPU
		{8EB109EE-ABBD-4D76-B8E1-3CF43C5C9122}.Debug|Any CPU.Build.0 = Debug|Any CPU
		{8EB109EE-ABBD-4D76-B8E1-3CF43C5C9122}.Release|Any CPU.ActiveCfg = Release|Any CPU
		{8EB109EE-ABBD-4D76-B8E1-3CF43C5C9122}.Release|Any CPU.Build.0 = Release|Any CPU
		{219C6E09-5984-4DDE-B004-0546C00FAA6C}.Debug|Any CPU.ActiveCfg = Debug|Any CPU
		{219C6E09-5984-4DDE-B004-0546C00FAA6C}.Debug|Any CPU.Build.0 = Debug|Any CPU
		{219C6E09-5984-4DDE-B004-0546C00FAA6C}.Release|Any CPU.ActiveCfg = Release|Any CPU
		{219C6E09-5984-4DDE-B004-0546C00FAA6C}.Release|Any CPU.Build.0 = Release|Any CPU
		{A3FAA142-957A-4E17-AF60-2E1A90BF0258}.Debug|Any CPU.ActiveCfg = Debug|Any CPU
		{A3FAA142-957A-4E17-AF60-2E1A90BF0258}.Debug|Any CPU.Build.0 = Debug|Any CPU
		{A3FAA142-957A-4E17-AF60-2E1A90BF0258}.Release|Any CPU.ActiveCfg = Release|Any CPU
		{A3FAA142-957A-4E17-AF60-2E1A90BF0258}.Release|Any CPU.Build.0 = Release|Any CPU
		{7F7C8270-A235-40AD-8C25-4BE4F53119E8}.Debug|Any CPU.ActiveCfg = Debug|Any CPU
		{7F7C8270-A235-40AD-8C25-4BE4F53119E8}.Debug|Any CPU.Build.0 = Debug|Any CPU
		{7F7C8270-A235-40AD-8C25-4BE4F53119E8}.Release|Any CPU.ActiveCfg = Release|Any CPU
		{7F7C8270-A235-40AD-8C25-4BE4F53119E8}.Release|Any CPU.Build.0 = Release|Any CPU
	EndGlobalSection
	GlobalSection(SolutionProperties) = preSolution
		HideSolutionNode = FALSE
	EndGlobalSection
	GlobalSection(NestedProjects) = preSolution
		{8EB109EE-ABBD-4D76-B8E1-3CF43C5C9122} = {EDDF8E46-7BE4-49E5-95D2-DE7737B69511}
		{219C6E09-5984-4DDE-B004-0546C00FAA6C} = {3AA231CE-7C02-44B9-BC02-15FBBF4B6090}
		{B2457FC2-F806-475A-97AC-BD54C4F07520} = {5B9F5B57-A76E-4E1C-8923-D325D91701FB}
		{16A1E5BB-E488-4E20-9A03-192A0D00ABDA} = {5B9F5B57-A76E-4E1C-8923-D325D91701FB}
		{EDEF0F02-DD5A-40BF-8849-4BF51EA3BD9D} = {5B9F5B57-A76E-4E1C-8923-D325D91701FB}
		{C885026B-404A-4F84-BC25-AAFB5CA9AC53} = {5B9F5B57-A76E-4E1C-8923-D325D91701FB}
		{A3FAA142-957A-4E17-AF60-2E1A90BF0258} = {B2457FC2-F806-475A-97AC-BD54C4F07520}
		{7F7C8270-A235-40AD-8C25-4BE4F53119E8} = {B2457FC2-F806-475A-97AC-BD54C4F07520}
	EndGlobalSection
	GlobalSection(ExtensibilityGlobals) = postSolution
		SolutionGuid = {E33BCCAC-D49A-4C2D-BE6D-4DFE9DA9E2AF}
	EndGlobalSection
EndGlobal
